// !$*UTF8*$!
{
	archiveVersion = 1;
	classes = {
	};
	objectVersion = 50;
	objects = {

/* Begin PBXBuildFile section */
		5DF70AA536BBF84BE7110C46 /* Pods_Beeline_SingleApp.framework in Frameworks */ = {isa = PBXBuildFile; fileRef = D456138D478442A4A7A259DB /* Pods_Beeline_SingleApp.framework */; };
		9412C9742132756A00275C87 /* AppDelegate.swift in Sources */ = {isa = PBXBuildFile; fileRef = 9412C9732132756A00275C87 /* AppDelegate.swift */; };
		9412C9762132756A00275C87 /* ViewController.swift in Sources */ = {isa = PBXBuildFile; fileRef = 9412C9752132756A00275C87 /* ViewController.swift */; };
		9412C9792132756A00275C87 /* Main.storyboard in Resources */ = {isa = PBXBuildFile; fileRef = 9412C9772132756A00275C87 /* Main.storyboard */; };
		9412C97B2132756B00275C87 /* Assets.xcassets in Resources */ = {isa = PBXBuildFile; fileRef = 9412C97A2132756B00275C87 /* Assets.xcassets */; };
		9412C97E2132756B00275C87 /* LaunchScreen.storyboard in Resources */ = {isa = PBXBuildFile; fileRef = 9412C97C2132756B00275C87 /* LaunchScreen.storyboard */; };
		9412C98C2132767F00275C87 /* HTTPRequestManager.swift in Sources */ = {isa = PBXBuildFile; fileRef = 9412C98B2132767F00275C87 /* HTTPRequestManager.swift */; };
		9412C98E213276C600275C87 /* HTTPStatusCode.swift in Sources */ = {isa = PBXBuildFile; fileRef = 9412C98D213276C600275C87 /* HTTPStatusCode.swift */; };
		9412C990213276DC00275C87 /* ServerManager.swift in Sources */ = {isa = PBXBuildFile; fileRef = 9412C98F213276DC00275C87 /* ServerManager.swift */; };
		9412C9922132773400275C87 /* Coins.swift in Sources */ = {isa = PBXBuildFile; fileRef = 9412C9912132773400275C87 /* Coins.swift */; };
		9412C994213278A500275C87 /* Constants.swift in Sources */ = {isa = PBXBuildFile; fileRef = 9412C993213278A500275C87 /* Constants.swift */; };
		945C81E221327B93008E4FF2 /* Extensions.swift in Sources */ = {isa = PBXBuildFile; fileRef = 945C81E121327B93008E4FF2 /* Extensions.swift */; };
		945C81E42132A121008E4FF2 /* CoinsListCell.swift in Sources */ = {isa = PBXBuildFile; fileRef = 945C81E32132A121008E4FF2 /* CoinsListCell.swift */; };
/* End PBXBuildFile section */

/* Begin PBXFileReference section */
		611D441EDDF18E066039B7B5 /* Pods-Beeline SingleApp.release.xcconfig */ = {isa = PBXFileReference; includeInIndex = 1; lastKnownFileType = text.xcconfig; name = "Pods-Beeline SingleApp.release.xcconfig"; path = "Pods/Target Support Files/Pods-Beeline SingleApp/Pods-Beeline SingleApp.release.xcconfig"; sourceTree = "<group>"; };
		7774D743F85110505E8396DC /* Pods-Beeline SingleApp.debug.xcconfig */ = {isa = PBXFileReference; includeInIndex = 1; lastKnownFileType = text.xcconfig; name = "Pods-Beeline SingleApp.debug.xcconfig"; path = "Pods/Target Support Files/Pods-Beeline SingleApp/Pods-Beeline SingleApp.debug.xcconfig"; sourceTree = "<group>"; };
		9412C9702132756A00275C87 /* Beeline SingleApp.app */ = {isa = PBXFileReference; explicitFileType = wrapper.application; includeInIndex = 0; path = "Beeline SingleApp.app"; sourceTree = BUILT_PRODUCTS_DIR; };
		9412C9732132756A00275C87 /* AppDelegate.swift */ = {isa = PBXFileReference; lastKnownFileType = sourcecode.swift; path = AppDelegate.swift; sourceTree = "<group>"; };
		9412C9752132756A00275C87 /* ViewController.swift */ = {isa = PBXFileReference; lastKnownFileType = sourcecode.swift; path = ViewController.swift; sourceTree = "<group>"; };
		9412C9782132756A00275C87 /* Base */ = {isa = PBXFileReference; lastKnownFileType = file.storyboard; name = Base; path = Base.lproj/Main.storyboard; sourceTree = "<group>"; };
		9412C97A2132756B00275C87 /* Assets.xcassets */ = {isa = PBXFileReference; lastKnownFileType = folder.assetcatalog; path = Assets.xcassets; sourceTree = "<group>"; };
		9412C97D2132756B00275C87 /* Base */ = {isa = PBXFileReference; lastKnownFileType = file.storyboard; name = Base; path = Base.lproj/LaunchScreen.storyboard; sourceTree = "<group>"; };
		9412C97F2132756B00275C87 /* Info.plist */ = {isa = PBXFileReference; lastKnownFileType = text.plist.xml; path = Info.plist; sourceTree = "<group>"; };
		9412C98B2132767F00275C87 /* HTTPRequestManager.swift */ = {isa = PBXFileReference; lastKnownFileType = sourcecode.swift; path = HTTPRequestManager.swift; sourceTree = "<group>"; };
		9412C98D213276C600275C87 /* HTTPStatusCode.swift */ = {isa = PBXFileReference; lastKnownFileType = sourcecode.swift; path = HTTPStatusCode.swift; sourceTree = "<group>"; };
		9412C98F213276DC00275C87 /* ServerManager.swift */ = {isa = PBXFileReference; lastKnownFileType = sourcecode.swift; path = ServerManager.swift; sourceTree = "<group>"; };
		9412C9912132773400275C87 /* Coins.swift */ = {isa = PBXFileReference; lastKnownFileType = sourcecode.swift; path = Coins.swift; sourceTree = "<group>"; };
		9412C993213278A500275C87 /* Constants.swift */ = {isa = PBXFileReference; lastKnownFileType = sourcecode.swift; path = Constants.swift; sourceTree = "<group>"; };
		945C81E121327B93008E4FF2 /* Extensions.swift */ = {isa = PBXFileReference; lastKnownFileType = sourcecode.swift; path = Extensions.swift; sourceTree = "<group>"; };
		945C81E32132A121008E4FF2 /* CoinsListCell.swift */ = {isa = PBXFileReference; lastKnownFileType = sourcecode.swift; path = CoinsListCell.swift; sourceTree = "<group>"; };
		D456138D478442A4A7A259DB /* Pods_Beeline_SingleApp.framework */ = {isa = PBXFileReference; explicitFileType = wrapper.framework; includeInIndex = 0; path = Pods_Beeline_SingleApp.framework; sourceTree = BUILT_PRODUCTS_DIR; };
/* End PBXFileReference section */

/* Begin PBXFrameworksBuildPhase section */
		9412C96D2132756A00275C87 /* Frameworks */ = {
			isa = PBXFrameworksBuildPhase;
			buildActionMask = 2147483647;
			files = (
				5DF70AA536BBF84BE7110C46 /* Pods_Beeline_SingleApp.framework in Frameworks */,
			);
			runOnlyForDeploymentPostprocessing = 0;
		};
/* End PBXFrameworksBuildPhase section */

/* Begin PBXGroup section */
		3CC0B2A1C492D47AB53D8B6E /* Pods */ = {
			isa = PBXGroup;
			children = (
				7774D743F85110505E8396DC /* Pods-Beeline SingleApp.debug.xcconfig */,
				611D441EDDF18E066039B7B5 /* Pods-Beeline SingleApp.release.xcconfig */,
			);
			name = Pods;
			sourceTree = "<group>";
		};
		9412C9672132756A00275C87 = {
			isa = PBXGroup;
			children = (
				9412C9722132756A00275C87 /* Beeline SingleApp */,
				9412C9712132756A00275C87 /* Products */,
				3CC0B2A1C492D47AB53D8B6E /* Pods */,
				E48734B010AC7345AC43D1D9 /* Frameworks */,
			);
			sourceTree = "<group>";
		};
		9412C9712132756A00275C87 /* Products */ = {
			isa = PBXGroup;
			children = (
				9412C9702132756A00275C87 /* Beeline SingleApp.app */,
			);
			name = Products;
			sourceTree = "<group>";
		};
		9412C9722132756A00275C87 /* Beeline SingleApp */ = {
			isa = PBXGroup;
			children = (
				9412C9772132756A00275C87 /* Main.storyboard */,
				9412C9892132765600275C87 /* Helpers */,
				9412C9882132765000275C87 /* Views */,
				9412C9872132764400275C87 /* ViewControllers */,
				9412C9862132763C00275C87 /* Models */,
				9412C9852132762F00275C87 /* Network */,
				9412C9732132756A00275C87 /* AppDelegate.swift */,
				9412C97A2132756B00275C87 /* Assets.xcassets */,
				9412C97C2132756B00275C87 /* LaunchScreen.storyboard */,
				9412C97F2132756B00275C87 /* Info.plist */,
			);
			path = "Beeline SingleApp";
			sourceTree = "<group>";
		};
		9412C9852132762F00275C87 /* Network */ = {
			isa = PBXGroup;
			children = (
				9412C98B2132767F00275C87 /* HTTPRequestManager.swift */,
				9412C98D213276C600275C87 /* HTTPStatusCode.swift */,
				9412C98F213276DC00275C87 /* ServerManager.swift */,
			);
			path = Network;
			sourceTree = "<group>";
		};
		9412C9862132763C00275C87 /* Models */ = {
			isa = PBXGroup;
			children = (
				9412C9912132773400275C87 /* Coins.swift */,
			);
			path = Models;
			sourceTree = "<group>";
		};
		9412C9872132764400275C87 /* ViewControllers */ = {
			isa = PBXGroup;
			children = (
				9412C9752132756A00275C87 /* ViewController.swift */,
			);
			path = ViewControllers;
			sourceTree = "<group>";
		};
		9412C9882132765000275C87 /* Views */ = {
			isa = PBXGroup;
			children = (
				945C81E32132A121008E4FF2 /* CoinsListCell.swift */,
			);
			path = Views;
			sourceTree = "<group>";
		};
		9412C9892132765600275C87 /* Helpers */ = {
			isa = PBXGroup;
			children = (
				9412C993213278A500275C87 /* Constants.swift */,
				945C81E121327B93008E4FF2 /* Extensions.swift */,
			);
			path = Helpers;
			sourceTree = "<group>";
		};
		E48734B010AC7345AC43D1D9 /* Frameworks */ = {
			isa = PBXGroup;
			children = (
				D456138D478442A4A7A259DB /* Pods_Beeline_SingleApp.framework */,
			);
			name = Frameworks;
			sourceTree = "<group>";
		};
/* End PBXGroup section */

/* Begin PBXNativeTarget section */
		9412C96F2132756A00275C87 /* Beeline SingleApp */ = {
			isa = PBXNativeTarget;
			buildConfigurationList = 9412C9822132756B00275C87 /* Build configuration list for PBXNativeTarget "Beeline SingleApp" */;
			buildPhases = (
				A21E3B9E5D08153E1B08D7F4 /* [CP] Check Pods Manifest.lock */,
				9412C96C2132756A00275C87 /* Sources */,
				9412C96D2132756A00275C87 /* Frameworks */,
				9412C96E2132756A00275C87 /* Resources */,
				C2D967BF1EB46CBD34ADB0D5 /* [CP] Embed Pods Frameworks */,
			);
			buildRules = (
			);
			dependencies = (
			);
			name = "Beeline SingleApp";
			productName = "Beeline SingleApp";
			productReference = 9412C9702132756A00275C87 /* Beeline SingleApp.app */;
			productType = "com.apple.product-type.application";
		};
/* End PBXNativeTarget section */

/* Begin PBXProject section */
		9412C9682132756A00275C87 /* Project object */ = {
			isa = PBXProject;
			attributes = {
				LastSwiftUpdateCheck = 0940;
				LastUpgradeCheck = 0940;
				ORGANIZATIONNAME = "Baha Ganyev";
				TargetAttributes = {
					9412C96F2132756A00275C87 = {
						CreatedOnToolsVersion = 9.4.1;
					};
				};
			};
			buildConfigurationList = 9412C96B2132756A00275C87 /* Build configuration list for PBXProject "Beeline SingleApp" */;
			compatibilityVersion = "Xcode 9.3";
			developmentRegion = en;
			hasScannedForEncodings = 0;
			knownRegions = (
				en,
				Base,
			);
			mainGroup = 9412C9672132756A00275C87;
			productRefGroup = 9412C9712132756A00275C87 /* Products */;
			projectDirPath = "";
			projectRoot = "";
			targets = (
				9412C96F2132756A00275C87 /* Beeline SingleApp */,
			);
		};
/* End PBXProject section */

/* Begin PBXResourcesBuildPhase section */
		9412C96E2132756A00275C87 /* Resources */ = {
			isa = PBXResourcesBuildPhase;
			buildActionMask = 2147483647;
			files = (
				9412C97E2132756B00275C87 /* LaunchScreen.storyboard in Resources */,
				9412C97B2132756B00275C87 /* Assets.xcassets in Resources */,
				9412C9792132756A00275C87 /* Main.storyboard in Resources */,
			);
			runOnlyForDeploymentPostprocessing = 0;
		};
/* End PBXResourcesBuildPhase section */

/* Begin PBXShellScriptBuildPhase section */
		A21E3B9E5D08153E1B08D7F4 /* [CP] Check Pods Manifest.lock */ = {
			isa = PBXShellScriptBuildPhase;
			buildActionMask = 2147483647;
			files = (
			);
			inputPaths = (
				"${PODS_PODFILE_DIR_PATH}/Podfile.lock",
				"${PODS_ROOT}/Manifest.lock",
			);
			name = "[CP] Check Pods Manifest.lock";
			outputPaths = (
				"$(DERIVED_FILE_DIR)/Pods-Beeline SingleApp-checkManifestLockResult.txt",
			);
			runOnlyForDeploymentPostprocessing = 0;
			shellPath = /bin/sh;
			shellScript = "diff \"${PODS_PODFILE_DIR_PATH}/Podfile.lock\" \"${PODS_ROOT}/Manifest.lock\" > /dev/null\nif [ $? != 0 ] ; then\n    # print error to STDERR\n    echo \"error: The sandbox is not in sync with the Podfile.lock. Run 'pod install' or update your CocoaPods installation.\" >&2\n    exit 1\nfi\n# This output is used by Xcode 'outputs' to avoid re-running this script phase.\necho \"SUCCESS\" > \"${SCRIPT_OUTPUT_FILE_0}\"\n";
			showEnvVarsInLog = 0;
		};
		C2D967BF1EB46CBD34ADB0D5 /* [CP] Embed Pods Frameworks */ = {
			isa = PBXShellScriptBuildPhase;
			buildActionMask = 2147483647;
			files = (
			);
			inputPaths = (
				"${SRCROOT}/Pods/Target Support Files/Pods-Beeline SingleApp/Pods-Beeline SingleApp-frameworks.sh",
				"${BUILT_PRODUCTS_DIR}/Alamofire/Alamofire.framework",
				"${BUILT_PRODUCTS_DIR}/Kingfisher/Kingfisher.framework",
			);
			name = "[CP] Embed Pods Frameworks";
			outputPaths = (
				"${TARGET_BUILD_DIR}/${FRAMEWORKS_FOLDER_PATH}/Alamofire.framework",
				"${TARGET_BUILD_DIR}/${FRAMEWORKS_FOLDER_PATH}/Kingfisher.framework",
			);
			runOnlyForDeploymentPostprocessing = 0;
			shellPath = /bin/sh;
			shellScript = "\"${SRCROOT}/Pods/Target Support Files/Pods-Beeline SingleApp/Pods-Beeline SingleApp-frameworks.sh\"\n";
			showEnvVarsInLog = 0;
		};
/* End PBXShellScriptBuildPhase section */

/* Begin PBXSourcesBuildPhase section */
		9412C96C2132756A00275C87 /* Sources */ = {
			isa = PBXSourcesBuildPhase;
			buildActionMask = 2147483647;
			files = (
				9412C990213276DC00275C87 /* ServerManager.swift in Sources */,
				9412C9762132756A00275C87 /* ViewController.swift in Sources */,
				9412C9922132773400275C87 /* Coins.swift in Sources */,
				945C81E42132A121008E4FF2 /* CoinsListCell.swift in Sources */,
				945C81E221327B93008E4FF2 /* Extensions.swift in Sources */,
				9412C9742132756A00275C87 /* AppDelegate.swift in Sources */,
				9412C994213278A500275C87 /* Constants.swift in Sources */,
				9412C98E213276C600275C87 /* HTTPStatusCode.swift in Sources */,
				9412C98C2132767F00275C87 /* HTTPRequestManager.swift in Sources */,
			);
			runOnlyForDeploymentPostprocessing = 0;
		};
/* End PBXSourcesBuildPhase section */

/* Begin PBXVariantGroup section */
		9412C9772132756A00275C87 /* Main.storyboard */ = {
			isa = PBXVariantGroup;
			children = (
				9412C9782132756A00275C87 /* Base */,
			);
			name = Main.storyboard;
			sourceTree = "<group>";
		};
		9412C97C2132756B00275C87 /* LaunchScreen.storyboard */ = {
			isa = PBXVariantGroup;
			children = (
				9412C97D2132756B00275C87 /* Base */,
			);
			name = LaunchScreen.storyboard;
			sourceTree = "<group>";
		};
/* End PBXVariantGroup section */

/* Begin XCBuildConfiguration section */
		9412C9802132756B00275C87 /* Debug */ = {
			isa = XCBuildConfiguration;
			buildSettings = {
				ALWAYS_SEARCH_USER_PATHS = NO;
				CLANG_ANALYZER_NONNULL = YES;
				CLANG_ANALYZER_NUMBER_OBJECT_CONVERSION = YES_AGGRESSIVE;
				CLANG_CXX_LANGUAGE_STANDARD = "gnu++14";
				CLANG_CXX_LIBRARY = "libc++";
				CLANG_ENABLE_MODULES = YES;
				CLANG_ENABLE_OBJC_ARC = YES;
				CLANG_ENABLE_OBJC_WEAK = YES;
				CLANG_WARN_BLOCK_CAPTURE_AUTORELEASING = YES;
				CLANG_WARN_BOOL_CONVERSION = YES;
				CLANG_WARN_COMMA = YES;
				CLANG_WARN_CONSTANT_CONVERSION = YES;
				CLANG_WARN_DEPRECATED_OBJC_IMPLEMENTATIONS = YES;
				CLANG_WARN_DIRECT_OBJC_ISA_USAGE = YES_ERROR;
				CLANG_WARN_DOCUMENTATION_COMMENTS = YES;
				CLANG_WARN_EMPTY_BODY = YES;
				CLANG_WARN_ENUM_CONVERSION = YES;
				CLANG_WARN_INFINITE_RECURSION = YES;
				CLANG_WARN_INT_CONVERSION = YES;
				CLANG_WARN_NON_LITERAL_NULL_CONVERSION = YES;
				CLANG_WARN_OBJC_IMPLICIT_RETAIN_SELF = YES;
				CLANG_WARN_OBJC_LITERAL_CONVERSION = YES;
				CLANG_WARN_OBJC_ROOT_CLASS = YES_ERROR;
				CLANG_WARN_RANGE_LOOP_ANALYSIS = YES;
				CLANG_WARN_STRICT_PROTOTYPES = YES;
				CLANG_WARN_SUSPICIOUS_MOVE = YES;
				CLANG_WARN_UNGUARDED_AVAILABILITY = YES_AGGRESSIVE;
				CLANG_WARN_UNREACHABLE_CODE = YES;
				CLANG_WARN__DUPLICATE_METHOD_MATCH = YES;
				CODE_SIGN_IDENTITY = "iPhone Developer";
				COPY_PHASE_STRIP = NO;
				DEBUG_INFORMATION_FORMAT = dwarf;
				ENABLE_STRICT_OBJC_MSGSEND = YES;
				ENABLE_TESTABILITY = YES;
				GCC_C_LANGUAGE_STANDARD = gnu11;
				GCC_DYNAMIC_NO_PIC = NO;
				GCC_NO_COMMON_BLOCKS = YES;
				GCC_OPTIMIZATION_LEVEL = 0;
				GCC_PREPROCESSOR_DEFINITIONS = (
					"DEBUG=1",
					"$(inherited)",
				);
				GCC_WARN_64_TO_32_BIT_CONVERSION = YES;
				GCC_WARN_ABOUT_RETURN_TYPE = YES_ERROR;
				GCC_WARN_UNDECLARED_SELECTOR = YES;
				GCC_WARN_UNINITIALIZED_AUTOS = YES_AGGRESSIVE;
				GCC_WARN_UNUSED_FUNCTION = YES;
				GCC_WARN_UNUSED_VARIABLE = YES;
				IPHONEOS_DEPLOYMENT_TARGET = 11.4;
				MTL_ENABLE_DEBUG_INFO = YES;
				ONLY_ACTIVE_ARCH = YES;
				SDKROOT = iphoneos;
				SWIFT_ACTIVE_COMPILATION_CONDITIONS = DEBUG;
				SWIFT_OPTIMIZATION_LEVEL = "-Onone";
			};
			name = Debug;
		};
		9412C9812132756B00275C87 /* Release */ = {
			isa = XCBuildConfiguration;
			buildSettings = {
				ALWAYS_SEARCH_USER_PATHS = NO;
				CLANG_ANALYZER_NONNULL = YES;
				CLANG_ANALYZER_NUMBER_OBJECT_CONVERSION = YES_AGGRESSIVE;
				CLANG_CXX_LANGUAGE_STANDARD = "gnu++14";
				CLANG_CXX_LIBRARY = "libc++";
				CLANG_ENABLE_MODULES = YES;
				CLANG_ENABLE_OBJC_ARC = YES;
				CLANG_ENABLE_OBJC_WEAK = YES;
				CLANG_WARN_BLOCK_CAPTURE_AUTORELEASING = YES;
				CLANG_WARN_BOOL_CONVERSION = YES;
				CLANG_WARN_COMMA = YES;
				CLANG_WARN_CONSTANT_CONVERSION = YES;
				CLANG_WARN_DEPRECATED_OBJC_IMPLEMENTATIONS = YES;
				CLANG_WARN_DIRECT_OBJC_ISA_USAGE = YES_ERROR;
				CLANG_WARN_DOCUMENTATION_COMMENTS = YES;
				CLANG_WARN_EMPTY_BODY = YES;
				CLANG_WARN_ENUM_CONVERSION = YES;
				CLANG_WARN_INFINITE_RECURSION = YES;
				CLANG_WARN_INT_CONVERSION = YES;
				CLANG_WARN_NON_LITERAL_NULL_CONVERSION = YES;
				CLANG_WARN_OBJC_IMPLICIT_RETAIN_SELF = YES;
				CLANG_WARN_OBJC_LITERAL_CONVERSION = YES;
				CLANG_WARN_OBJC_ROOT_CLASS = YES_ERROR;
				CLANG_WARN_RANGE_LOOP_ANALYSIS = YES;
				CLANG_WARN_STRICT_PROTOTYPES = YES;
				CLANG_WARN_SUSPICIOUS_MOVE = YES;
				CLANG_WARN_UNGUARDED_AVAILABILITY = YES_AGGRESSIVE;
				CLANG_WARN_UNREACHABLE_CODE = YES;
				CLANG_WARN__DUPLICATE_METHOD_MATCH = YES;
				CODE_SIGN_IDENTITY = "iPhone Developer";
				COPY_PHASE_STRIP = NO;
				DEBUG_INFORMATION_FORMAT = "dwarf-with-dsym";
				ENABLE_NS_ASSERTIONS = NO;
				ENABLE_STRICT_OBJC_MSGSEND = YES;
				GCC_C_LANGUAGE_STANDARD = gnu11;
				GCC_NO_COMMON_BLOCKS = YES;
				GCC_WARN_64_TO_32_BIT_CONVERSION = YES;
				GCC_WARN_ABOUT_RETURN_TYPE = YES_ERROR;
				GCC_WARN_UNDECLARED_SELECTOR = YES;
				GCC_WARN_UNINITIALIZED_AUTOS = YES_AGGRESSIVE;
				GCC_WARN_UNUSED_FUNCTION = YES;
				GCC_WARN_UNUSED_VARIABLE = YES;
				IPHONEOS_DEPLOYMENT_TARGET = 11.4;
				MTL_ENABLE_DEBUG_INFO = NO;
				SDKROOT = iphoneos;
				SWIFT_COMPILATION_MODE = wholemodule;
				SWIFT_OPTIMIZATION_LEVEL = "-O";
				VALIDATE_PRODUCT = YES;
			};
			name = Release;
		};
		9412C9832132756B00275C87 /* Debug */ = {
			isa = XCBuildConfiguration;
			baseConfigurationReference = 7774D743F85110505E8396DC /* Pods-Beeline SingleApp.debug.xcconfig */;
			buildSettings = {
				ASSETCATALOG_COMPILER_APPICON_NAME = AppIcon;
				CODE_SIGN_STYLE = Automatic;
				DEVELOPMENT_TEAM = 5M67MJNW4M;
				INFOPLIST_FILE = "Beeline SingleApp/Info.plist";
				LD_RUNPATH_SEARCH_PATHS = (
					"$(inherited)",
					"@executable_path/Frameworks",
				);
				PRODUCT_BUNDLE_IDENTIFIER = "com.ganyev.Beeline-SingleApp";
				PRODUCT_NAME = "$(TARGET_NAME)";
				SWIFT_VERSION = 4.0;
				TARGETED_DEVICE_FAMILY = "1,2";
			};
			name = Debug;
		};
		9412C9842132756B00275C87 /* Release */ = {
			isa = XCBuildConfiguration;
			baseConfigurationReference = 611D441EDDF18E066039B7B5 /* Pods-Beeline SingleApp.release.xcconfig */;
			buildSettings = {
				ASSETCATALOG_COMPILER_APPICON_NAME = AppIcon;
				CODE_SIGN_STYLE = Automatic;
				DEVELOPMENT_TEAM = 5M67MJNW4M;
				INFOPLIST_FILE = "Beeline SingleApp/Info.plist";
				LD_RUNPATH_SEARCH_PATHS = (
					"$(inherited)",
					"@executable_path/Frameworks",
				);
				PRODUCT_BUNDLE_IDENTIFIER = "com.ganyev.Beeline-SingleApp";
				PRODUCT_NAME = "$(TARGET_NAME)";
				SWIFT_VERSION = 4.0;
				TARGETED_DEVICE_FAMILY = "1,2";
			};
			name = Release;
		};
/* End XCBuildConfiguration section */

/* Begin XCConfigurationList section */
		9412C96B2132756A00275C87 /* Build configuration list for PBXProject "Beeline SingleApp" */ = {
			isa = XCConfigurationList;
			buildConfigurations = (
				9412C9802132756B00275C87 /* Debug */,
				9412C9812132756B00275C87 /* Release */,
			);
			defaultConfigurationIsVisible = 0;
			defaultConfigurationName = Release;
		};
		9412C9822132756B00275C87 /* Build configuration list for PBXNativeTarget "Beeline SingleApp" */ = {
			isa = XCConfigurationList;
			buildConfigurations = (
				9412C9832132756B00275C87 /* Debug */,
				9412C9842132756B00275C87 /* Release */,
			);
			defaultConfigurationIsVisible = 0;
			defaultConfigurationName = Release;
		};
/* End XCConfigurationList section */
	};
	rootObject = 9412C9682132756A00275C87 /* Project object */;
}
